// !$*UTF8*$!
{
	archiveVersion = 1;
	classes = {
	};
	objectVersion = 55;
	objects = {

/* Begin PBXBuildFile section */
		A966F7CC287F84BB00E28308 /* Service.swift in Sources */ = {isa = PBXBuildFile; fileRef = A966F7CB287F84BB00E28308 /* Service.swift */; };
		A966F7CE287F85A400E28308 /* TableViewViewModel.swift in Sources */ = {isa = PBXBuildFile; fileRef = A966F7CD287F85A400E28308 /* TableViewViewModel.swift */; };
		A966F7D0287F863D00E28308 /* NetworkService.swift in Sources */ = {isa = PBXBuildFile; fileRef = A966F7CF287F863D00E28308 /* NetworkService.swift */; };
		A966F7D2287F89AE00E28308 /* NetworkDataFetcher.swift in Sources */ = {isa = PBXBuildFile; fileRef = A966F7D1287F89AE00E28308 /* NetworkDataFetcher.swift */; };
		A966F7D4287F94D400E28308 /* TableViewCellViewModel.swift in Sources */ = {isa = PBXBuildFile; fileRef = A966F7D3287F94D400E28308 /* TableViewCellViewModel.swift */; };
		A966F7D6287F991E00E28308 /* TableViewCell.swift in Sources */ = {isa = PBXBuildFile; fileRef = A966F7D5287F991E00E28308 /* TableViewCell.swift */; };
		A966F7D8287FC16800E28308 /* Box.swift in Sources */ = {isa = PBXBuildFile; fileRef = A966F7D7287FC16800E28308 /* Box.swift */; };
		A9EC6FB5287F7B55001DF20B /* AppDelegate.swift in Sources */ = {isa = PBXBuildFile; fileRef = A9EC6FB4287F7B55001DF20B /* AppDelegate.swift */; };
		A9EC6FB7287F7B55001DF20B /* SceneDelegate.swift in Sources */ = {isa = PBXBuildFile; fileRef = A9EC6FB6287F7B55001DF20B /* SceneDelegate.swift */; };
		A9EC6FB9287F7B55001DF20B /* ViewController.swift in Sources */ = {isa = PBXBuildFile; fileRef = A9EC6FB8287F7B55001DF20B /* ViewController.swift */; };
		A9EC6FBE287F7B5D001DF20B /* Assets.xcassets in Resources */ = {isa = PBXBuildFile; fileRef = A9EC6FBD287F7B5D001DF20B /* Assets.xcassets */; };
		A9EC6FC1287F7B5D001DF20B /* LaunchScreen.storyboard in Resources */ = {isa = PBXBuildFile; fileRef = A9EC6FBF287F7B5D001DF20B /* LaunchScreen.storyboard */; };
/* End PBXBuildFile section */

/* Begin PBXFileReference section */
		A966F7CB287F84BB00E28308 /* Service.swift */ = {isa = PBXFileReference; lastKnownFileType = sourcecode.swift; path = Service.swift; sourceTree = "<group>"; };
		A966F7CD287F85A400E28308 /* TableViewViewModel.swift */ = {isa = PBXFileReference; lastKnownFileType = sourcecode.swift; path = TableViewViewModel.swift; sourceTree = "<group>"; };
		A966F7CF287F863D00E28308 /* NetworkService.swift */ = {isa = PBXFileReference; lastKnownFileType = sourcecode.swift; path = NetworkService.swift; sourceTree = "<group>"; };
		A966F7D1287F89AE00E28308 /* NetworkDataFetcher.swift */ = {isa = PBXFileReference; lastKnownFileType = sourcecode.swift; path = NetworkDataFetcher.swift; sourceTree = "<group>"; };
		A966F7D3287F94D400E28308 /* TableViewCellViewModel.swift */ = {isa = PBXFileReference; lastKnownFileType = sourcecode.swift; path = TableViewCellViewModel.swift; sourceTree = "<group>"; };
		A966F7D5287F991E00E28308 /* TableViewCell.swift */ = {isa = PBXFileReference; lastKnownFileType = sourcecode.swift; path = TableViewCell.swift; sourceTree = "<group>"; };
		A966F7D7287FC16800E28308 /* Box.swift */ = {isa = PBXFileReference; lastKnownFileType = sourcecode.swift; path = Box.swift; sourceTree = "<group>"; };
		A9EC6FB1287F7B55001DF20B /* VK Services.app */ = {isa = PBXFileReference; explicitFileType = wrapper.application; includeInIndex = 0; path = "VK Services.app"; sourceTree = BUILT_PRODUCTS_DIR; };
		A9EC6FB4287F7B55001DF20B /* AppDelegate.swift */ = {isa = PBXFileReference; lastKnownFileType = sourcecode.swift; path = AppDelegate.swift; sourceTree = "<group>"; };
		A9EC6FB6287F7B55001DF20B /* SceneDelegate.swift */ = {isa = PBXFileReference; lastKnownFileType = sourcecode.swift; path = SceneDelegate.swift; sourceTree = "<group>"; };
		A9EC6FB8287F7B55001DF20B /* ViewController.swift */ = {isa = PBXFileReference; lastKnownFileType = sourcecode.swift; path = ViewController.swift; sourceTree = "<group>"; };
		A9EC6FBD287F7B5D001DF20B /* Assets.xcassets */ = {isa = PBXFileReference; lastKnownFileType = folder.assetcatalog; path = Assets.xcassets; sourceTree = "<group>"; };
		A9EC6FC0287F7B5D001DF20B /* Base */ = {isa = PBXFileReference; lastKnownFileType = file.storyboard; name = Base; path = Base.lproj/LaunchScreen.storyboard; sourceTree = "<group>"; };
		A9EC6FC2287F7B5D001DF20B /* Info.plist */ = {isa = PBXFileReference; lastKnownFileType = text.plist.xml; path = Info.plist; sourceTree = "<group>"; };
/* End PBXFileReference section */

/* Begin PBXFrameworksBuildPhase section */
		A9EC6FAE287F7B55001DF20B /* Frameworks */ = {
			isa = PBXFrameworksBuildPhase;
			buildActionMask = 2147483647;
			files = (
			);
			runOnlyForDeploymentPostprocessing = 0;
		};
/* End PBXFrameworksBuildPhase section */

/* Begin PBXGroup section */
		A966F7D928806FE900E28308 /* Supporting files */ = {
			isa = PBXGroup;
			children = (
				A9EC6FB4287F7B55001DF20B /* AppDelegate.swift */,
				A9EC6FB6287F7B55001DF20B /* SceneDelegate.swift */,
				A966F7D7287FC16800E28308 /* Box.swift */,
				A9EC6FBD287F7B5D001DF20B /* Assets.xcassets */,
				A9EC6FBF287F7B5D001DF20B /* LaunchScreen.storyboard */,
				A9EC6FC2287F7B5D001DF20B /* Info.plist */,
			);
			path = "Supporting files";
			sourceTree = "<group>";
		};
		A966F7DA2880702300E28308 /* Network services */ = {
			isa = PBXGroup;
			children = (
				A966F7D1287F89AE00E28308 /* NetworkDataFetcher.swift */,
				A966F7CF287F863D00E28308 /* NetworkService.swift */,
			);
			path = "Network services";
			sourceTree = "<group>";
		};
		A966F7DB2880706F00E28308 /* MainVC-MVVM */ = {
			isa = PBXGroup;
			children = (
				A966F7DE2880712400E28308 /* TableViewCell-MVVM */,
				A966F7DD288070A800E28308 /* View */,
				A966F7DC2880708100E28308 /* ViewModel */,
			);
			path = "MainVC-MVVM";
			sourceTree = "<group>";
		};
		A966F7DC2880708100E28308 /* ViewModel */ = {
			isa = PBXGroup;
			children = (
				A966F7CD287F85A400E28308 /* TableViewViewModel.swift */,
			);
			path = ViewModel;
			sourceTree = "<group>";
		};
		A966F7DD288070A800E28308 /* View */ = {
			isa = PBXGroup;
			children = (
				A9EC6FB8287F7B55001DF20B /* ViewController.swift */,
			);
			path = View;
			sourceTree = "<group>";
		};
		A966F7DE2880712400E28308 /* TableViewCell-MVVM */ = {
			isa = PBXGroup;
			children = (
				A966F7E12880715A00E28308 /* Model */,
				A966F7E02880714B00E28308 /* View */,
				A966F7DF2880713900E28308 /* ViewModel */,
			);
			path = "TableViewCell-MVVM";
			sourceTree = "<group>";
		};
		A966F7DF2880713900E28308 /* ViewModel */ = {
			isa = PBXGroup;
			children = (
				A966F7D3287F94D400E28308 /* TableViewCellViewModel.swift */,
			);
			path = ViewModel;
			sourceTree = "<group>";
		};
		A966F7E02880714B00E28308 /* View */ = {
			isa = PBXGroup;
			children = (
				A966F7D5287F991E00E28308 /* TableViewCell.swift */,
			);
			path = View;
			sourceTree = "<group>";
		};
		A966F7E12880715A00E28308 /* Model */ = {
			isa = PBXGroup;
			children = (
				A966F7CB287F84BB00E28308 /* Service.swift */,
			);
			path = Model;
			sourceTree = "<group>";
		};
		A9EC6FA8287F7B55001DF20B = {
			isa = PBXGroup;
			children = (
				A9EC6FB3287F7B55001DF20B /* VK Services */,
				A9EC6FB2287F7B55001DF20B /* Products */,
			);
			sourceTree = "<group>";
		};
		A9EC6FB2287F7B55001DF20B /* Products */ = {
			isa = PBXGroup;
			children = (
				A9EC6FB1287F7B55001DF20B /* VK Services.app */,
			);
			name = Products;
			sourceTree = "<group>";
		};
		A9EC6FB3287F7B55001DF20B /* VK Services */ = {
			isa = PBXGroup;
			children = (
				A966F7D928806FE900E28308 /* Supporting files */,
				A966F7DA2880702300E28308 /* Network services */,
				A966F7DB2880706F00E28308 /* MainVC-MVVM */,
			);
			path = "VK Services";
			sourceTree = "<group>";
		};
/* End PBXGroup section */

/* Begin PBXNativeTarget section */
		A9EC6FB0287F7B55001DF20B /* VK Services */ = {
			isa = PBXNativeTarget;
			buildConfigurationList = A9EC6FC5287F7B5D001DF20B /* Build configuration list for PBXNativeTarget "VK Services" */;
			buildPhases = (
				A9EC6FAD287F7B55001DF20B /* Sources */,
				A9EC6FAE287F7B55001DF20B /* Frameworks */,
				A9EC6FAF287F7B55001DF20B /* Resources */,
			);
			buildRules = (
			);
			dependencies = (
			);
			name = "VK Services";
			productName = "VK Services";
			productReference = A9EC6FB1287F7B55001DF20B /* VK Services.app */;
			productType = "com.apple.product-type.application";
		};
/* End PBXNativeTarget section */

/* Begin PBXProject section */
		A9EC6FA9287F7B55001DF20B /* Project object */ = {
			isa = PBXProject;
			attributes = {
				BuildIndependentTargetsInParallel = 1;
				LastSwiftUpdateCheck = 1320;
				LastUpgradeCheck = 1320;
				TargetAttributes = {
					A9EC6FB0287F7B55001DF20B = {
						CreatedOnToolsVersion = 13.2.1;
					};
				};
			};
			buildConfigurationList = A9EC6FAC287F7B55001DF20B /* Build configuration list for PBXProject "VK Services" */;
			compatibilityVersion = "Xcode 13.0";
			developmentRegion = en;
			hasScannedForEncodings = 0;
			knownRegions = (
				en,
				Base,
			);
			mainGroup = A9EC6FA8287F7B55001DF20B;
			productRefGroup = A9EC6FB2287F7B55001DF20B /* Products */;
			projectDirPath = "";
			projectRoot = "";
			targets = (
				A9EC6FB0287F7B55001DF20B /* VK Services */,
			);
		};
/* End PBXProject section */

/* Begin PBXResourcesBuildPhase section */
		A9EC6FAF287F7B55001DF20B /* Resources */ = {
			isa = PBXResourcesBuildPhase;
			buildActionMask = 2147483647;
			files = (
				A9EC6FC1287F7B5D001DF20B /* LaunchScreen.storyboard in Resources */,
				A9EC6FBE287F7B5D001DF20B /* Assets.xcassets in Resources */,
			);
			runOnlyForDeploymentPostprocessing = 0;
		};
/* End PBXResourcesBuildPhase section */

/* Begin PBXSourcesBuildPhase section */
		A9EC6FAD287F7B55001DF20B /* Sources */ = {
			isa = PBXSourcesBuildPhase;
			buildActionMask = 2147483647;
			files = (
				A966F7D2287F89AE00E28308 /* NetworkDataFetcher.swift in Sources */,
				A966F7CE287F85A400E28308 /* TableViewViewModel.swift in Sources */,
				A9EC6FB9287F7B55001DF20B /* ViewController.swift in Sources */,
				A966F7D6287F991E00E28308 /* TableViewCell.swift in Sources */,
				A966F7CC287F84BB00E28308 /* Service.swift in Sources */,
				A9EC6FB5287F7B55001DF20B /* AppDelegate.swift in Sources */,
				A966F7D0287F863D00E28308 /* NetworkService.swift in Sources */,
				A966F7D4287F94D400E28308 /* TableViewCellViewModel.swift in Sources */,
				A9EC6FB7287F7B55001DF20B /* SceneDelegate.swift in Sources */,
				A966F7D8287FC16800E28308 /* Box.swift in Sources */,
			);
			runOnlyForDeploymentPostprocessing = 0;
		};
/* End PBXSourcesBuildPhase section */

/* Begin PBXVariantGroup section */
		A9EC6FBF287F7B5D001DF20B /* LaunchScreen.storyboard */ = {
			isa = PBXVariantGroup;
			children = (
				A9EC6FC0287F7B5D001DF20B /* Base */,
			);
			name = LaunchScreen.storyboard;
			sourceTree = "<group>";
		};
/* End PBXVariantGroup section */

/* Begin XCBuildConfiguration section */
		A9EC6FC3287F7B5D001DF20B /* Debug */ = {
			isa = XCBuildConfiguration;
			buildSettings = {
				ALWAYS_SEARCH_USER_PATHS = NO;
				CLANG_ANALYZER_NONNULL = YES;
				CLANG_ANALYZER_NUMBER_OBJECT_CONVERSION = YES_AGGRESSIVE;
				CLANG_CXX_LANGUAGE_STANDARD = "gnu++17";
				CLANG_CXX_LIBRARY = "libc++";
				CLANG_ENABLE_MODULES = YES;
				CLANG_ENABLE_OBJC_ARC = YES;
				CLANG_ENABLE_OBJC_WEAK = YES;
				CLANG_WARN_BLOCK_CAPTURE_AUTORELEASING = YES;
				CLANG_WARN_BOOL_CONVERSION = YES;
				CLANG_WARN_COMMA = YES;
				CLANG_WARN_CONSTANT_CONVERSION = YES;
				CLANG_WARN_DEPRECATED_OBJC_IMPLEMENTATIONS = YES;
				CLANG_WARN_DIRECT_OBJC_ISA_USAGE = YES_ERROR;
				CLANG_WARN_DOCUMENTATION_COMMENTS = YES;
				CLANG_WARN_EMPTY_BODY = YES;
				CLANG_WARN_ENUM_CONVERSION = YES;
				CLANG_WARN_INFINITE_RECURSION = YES;
				CLANG_WARN_INT_CONVERSION = YES;
				CLANG_WARN_NON_LITERAL_NULL_CONVERSION = YES;
				CLANG_WARN_OBJC_IMPLICIT_RETAIN_SELF = YES;
				CLANG_WARN_OBJC_LITERAL_CONVERSION = YES;
				CLANG_WARN_OBJC_ROOT_CLASS = YES_ERROR;
				CLANG_WARN_QUOTED_INCLUDE_IN_FRAMEWORK_HEADER = YES;
				CLANG_WARN_RANGE_LOOP_ANALYSIS = YES;
				CLANG_WARN_STRICT_PROTOTYPES = YES;
				CLANG_WARN_SUSPICIOUS_MOVE = YES;
				CLANG_WARN_UNGUARDED_AVAILABILITY = YES_AGGRESSIVE;
				CLANG_WARN_UNREACHABLE_CODE = YES;
				CLANG_WARN__DUPLICATE_METHOD_MATCH = YES;
				COPY_PHASE_STRIP = NO;
				DEBUG_INFORMATION_FORMAT = dwarf;
				ENABLE_STRICT_OBJC_MSGSEND = YES;
				ENABLE_TESTABILITY = YES;
				GCC_C_LANGUAGE_STANDARD = gnu11;
				GCC_DYNAMIC_NO_PIC = NO;
				GCC_NO_COMMON_BLOCKS = YES;
				GCC_OPTIMIZATION_LEVEL = 0;
				GCC_PREPROCESSOR_DEFINITIONS = (
					"DEBUG=1",
					"$(inherited)",
				);
				GCC_WARN_64_TO_32_BIT_CONVERSION = YES;
				GCC_WARN_ABOUT_RETURN_TYPE = YES_ERROR;
				GCC_WARN_UNDECLARED_SELECTOR = YES;
				GCC_WARN_UNINITIALIZED_AUTOS = YES_AGGRESSIVE;
				GCC_WARN_UNUSED_FUNCTION = YES;
				GCC_WARN_UNUSED_VARIABLE = YES;
				IPHONEOS_DEPLOYMENT_TARGET = 15.2;
				MTL_ENABLE_DEBUG_INFO = INCLUDE_SOURCE;
				MTL_FAST_MATH = YES;
				ONLY_ACTIVE_ARCH = YES;
				SDKROOT = iphoneos;
				SWIFT_ACTIVE_COMPILATION_CONDITIONS = DEBUG;
				SWIFT_OPTIMIZATION_LEVEL = "-Onone";
			};
			name = Debug;
		};
		A9EC6FC4287F7B5D001DF20B /* Release */ = {
			isa = XCBuildConfiguration;
			buildSettings = {
				ALWAYS_SEARCH_USER_PATHS = NO;
				CLANG_ANALYZER_NONNULL = YES;
				CLANG_ANALYZER_NUMBER_OBJECT_CONVERSION = YES_AGGRESSIVE;
				CLANG_CXX_LANGUAGE_STANDARD = "gnu++17";
				CLANG_CXX_LIBRARY = "libc++";
				CLANG_ENABLE_MODULES = YES;
				CLANG_ENABLE_OBJC_ARC = YES;
				CLANG_ENABLE_OBJC_WEAK = YES;
				CLANG_WARN_BLOCK_CAPTURE_AUTORELEASING = YES;
				CLANG_WARN_BOOL_CONVERSION = YES;
				CLANG_WARN_COMMA = YES;
				CLANG_WARN_CONSTANT_CONVERSION = YES;
				CLANG_WARN_DEPRECATED_OBJC_IMPLEMENTATIONS = YES;
				CLANG_WARN_DIRECT_OBJC_ISA_USAGE = YES_ERROR;
				CLANG_WARN_DOCUMENTATION_COMMENTS = YES;
				CLANG_WARN_EMPTY_BODY = YES;
				CLANG_WARN_ENUM_CONVERSION = YES;
				CLANG_WARN_INFINITE_RECURSION = YES;
				CLANG_WARN_INT_CONVERSION = YES;
				CLANG_WARN_NON_LITERAL_NULL_CONVERSION = YES;
				CLANG_WARN_OBJC_IMPLICIT_RETAIN_SELF = YES;
				CLANG_WARN_OBJC_LITERAL_CONVERSION = YES;
				CLANG_WARN_OBJC_ROOT_CLASS = YES_ERROR;
				CLANG_WARN_QUOTED_INCLUDE_IN_FRAMEWORK_HEADER = YES;
				CLANG_WARN_RANGE_LOOP_ANALYSIS = YES;
				CLANG_WARN_STRICT_PROTOTYPES = YES;
				CLANG_WARN_SUSPICIOUS_MOVE = YES;
				CLANG_WARN_UNGUARDED_AVAILABILITY = YES_AGGRESSIVE;
				CLANG_WARN_UNREACHABLE_CODE = YES;
				CLANG_WARN__DUPLICATE_METHOD_MATCH = YES;
				COPY_PHASE_STRIP = NO;
				DEBUG_INFORMATION_FORMAT = "dwarf-with-dsym";
				ENABLE_NS_ASSERTIONS = NO;
				ENABLE_STRICT_OBJC_MSGSEND = YES;
				GCC_C_LANGUAGE_STANDARD = gnu11;
				GCC_NO_COMMON_BLOCKS = YES;
				GCC_WARN_64_TO_32_BIT_CONVERSION = YES;
				GCC_WARN_ABOUT_RETURN_TYPE = YES_ERROR;
				GCC_WARN_UNDECLARED_SELECTOR = YES;
				GCC_WARN_UNINITIALIZED_AUTOS = YES_AGGRESSIVE;
				GCC_WARN_UNUSED_FUNCTION = YES;
				GCC_WARN_UNUSED_VARIABLE = YES;
				IPHONEOS_DEPLOYMENT_TARGET = 15.2;
				MTL_ENABLE_DEBUG_INFO = NO;
				MTL_FAST_MATH = YES;
				SDKROOT = iphoneos;
				SWIFT_COMPILATION_MODE = wholemodule;
				SWIFT_OPTIMIZATION_LEVEL = "-O";
				VALIDATE_PRODUCT = YES;
			};
			name = Release;
		};
		A9EC6FC6287F7B5D001DF20B /* Debug */ = {
			isa = XCBuildConfiguration;
			buildSettings = {
				ASSETCATALOG_COMPILER_APPICON_NAME = AppIcon;
				ASSETCATALOG_COMPILER_GLOBAL_ACCENT_COLOR_NAME = AccentColor;
				CODE_SIGN_STYLE = Automatic;
				CURRENT_PROJECT_VERSION = 1;
				DEVELOPMENT_TEAM = 3UZXRRC68Y;
				GENERATE_INFOPLIST_FILE = YES;
				INFOPLIST_FILE = "VK Services/Supporting files/Info.plist";
				INFOPLIST_KEY_UIApplicationSupportsIndirectInputEvents = YES;
				INFOPLIST_KEY_UILaunchStoryboardName = LaunchScreen;
				INFOPLIST_KEY_UISupportedInterfaceOrientations = UIInterfaceOrientationPortrait;
				INFOPLIST_KEY_UISupportedInterfaceOrientations_iPad = "UIInterfaceOrientationPortrait UIInterfaceOrientationPortraitUpsideDown UIInterfaceOrientationLandscapeLeft UIInterfaceOrientationLandscapeRight";
				INFOPLIST_KEY_UISupportedInterfaceOrientations_iPhone = "UIInterfaceOrientationPortrait UIInterfaceOrientationLandscapeLeft UIInterfaceOrientationLandscapeRight";
				IPHONEOS_DEPLOYMENT_TARGET = 15.2;
				LD_RUNPATH_SEARCH_PATHS = (
					"$(inherited)",
					"@executable_path/Frameworks",
				);
				MARKETING_VERSION = 1.0;
				PRODUCT_BUNDLE_IDENTIFIER = "com.sergeykonkov.VK-Services";
				PRODUCT_NAME = "$(TARGET_NAME)";
				SWIFT_EMIT_LOC_STRINGS = YES;
				SWIFT_VERSION = 5.0;
				TARGETED_DEVICE_FAMILY = 1;
			};
			name = Debug;
		};
		A9EC6FC7287F7B5D001DF20B /* Release */ = {
			isa = XCBuildConfiguration;
			buildSettings = {
				ASSETCATALOG_COMPILER_APPICON_NAME = AppIcon;
				ASSETCATALOG_COMPILER_GLOBAL_ACCENT_COLOR_NAME = AccentColor;
				CODE_SIGN_STYLE = Automatic;
				CURRENT_PROJECT_VERSION = 1;
				DEVELOPMENT_TEAM = 3UZXRRC68Y;
				GENERATE_INFOPLIST_FILE = YES;
				INFOPLIST_FILE = "VK Services/Supporting files/Info.plist";
				INFOPLIST_KEY_UIApplicationSupportsIndirectInputEvents = YES;
				INFOPLIST_KEY_UILaunchStoryboardName = LaunchScreen;
				INFOPLIST_KEY_UISupportedInterfaceOrientations = UIInterfaceOrientationPortrait;
				INFOPLIST_KEY_UISupportedInterfaceOrientations_iPad = "UIInterfaceOrientationPortrait UIInterfaceOrientationPortraitUpsideDown UIInterfaceOrientationLandscapeLeft UIInterfaceOrientationLandscapeRight";
				INFOPLIST_KEY_UISupportedInterfaceOrientations_iPhone = "UIInterfaceOrientationPortrait UIInterfaceOrientationLandscapeLeft UIInterfaceOrientationLandscapeRight";
				IPHONEOS_DEPLOYMENT_TARGET = 15.2;
				LD_RUNPATH_SEARCH_PATHS = (
					"$(inherited)",
					"@executable_path/Frameworks",
				);
				MARKETING_VERSION = 1.0;
				PRODUCT_BUNDLE_IDENTIFIER = "com.sergeykonkov.VK-Services";
				PRODUCT_NAME = "$(TARGET_NAME)";
				SWIFT_EMIT_LOC_STRINGS = YES;
				SWIFT_VERSION = 5.0;
				TARGETED_DEVICE_FAMILY = 1;
			};
			name = Release;
		};
/* End XCBuildConfiguration section */

/* Begin XCConfigurationList section */
		A9EC6FAC287F7B55001DF20B /* Build configuration list for PBXProject "VK Services" */ = {
			isa = XCConfigurationList;
			buildConfigurations = (
				A9EC6FC3287F7B5D001DF20B /* Debug */,
				A9EC6FC4287F7B5D001DF20B /* Release */,
			);
			defaultConfigurationIsVisible = 0;
			defaultConfigurationName = Release;
		};
		A9EC6FC5287F7B5D001DF20B /* Build configuration list for PBXNativeTarget "VK Services" */ = {
			isa = XCConfigurationList;
			buildConfigurations = (
				A9EC6FC6287F7B5D001DF20B /* Debug */,
				A9EC6FC7287F7B5D001DF20B /* Release */,
			);
			defaultConfigurationIsVisible = 0;
			defaultConfigurationName = Release;
		};
/* End XCConfigurationList section */
	};
	rootObject = A9EC6FA9287F7B55001DF20B /* Project object */;
}
